// !$*UTF8*$!
{
	archiveVersion = 1;
	classes = {
	};
	objectVersion = 56;
	objects = {

/* Begin PBXBuildFile section */
		7128B0922967DBE000CDBE12 /* UIButtonExtension.swift in Sources */ = {isa = PBXBuildFile; fileRef = 7128B0912967DBE000CDBE12 /* UIButtonExtension.swift */; };
		7142BEEB2956C8050067B2DC /* AppDelegate.swift in Sources */ = {isa = PBXBuildFile; fileRef = 7142BEEA2956C8050067B2DC /* AppDelegate.swift */; };
		7142BEED2956C8050067B2DC /* SceneDelegate.swift in Sources */ = {isa = PBXBuildFile; fileRef = 7142BEEC2956C8050067B2DC /* SceneDelegate.swift */; };
		7142BEF22956C8050067B2DC /* Main.storyboard in Resources */ = {isa = PBXBuildFile; fileRef = 7142BEF02956C8050067B2DC /* Main.storyboard */; };
		7142BEF42956C8070067B2DC /* Assets.xcassets in Resources */ = {isa = PBXBuildFile; fileRef = 7142BEF32956C8070067B2DC /* Assets.xcassets */; };
		7142BEF72956C8070067B2DC /* LaunchScreen.storyboard in Resources */ = {isa = PBXBuildFile; fileRef = 7142BEF52956C8070067B2DC /* LaunchScreen.storyboard */; };
		715656F1295908FC0083D612 /* HomeViewController.swift in Sources */ = {isa = PBXBuildFile; fileRef = 715656F0295908FC0083D612 /* HomeViewController.swift */; };
		716510D329577DC3002F56D8 /* Place.swift in Sources */ = {isa = PBXBuildFile; fileRef = 716510D229577DC3002F56D8 /* Place.swift */; };
		716510DC29578130002F56D8 /* ResultCell.swift in Sources */ = {isa = PBXBuildFile; fileRef = 716510DB29578130002F56D8 /* ResultCell.swift */; };
		716510E12957AD14002F56D8 /* Response.swift in Sources */ = {isa = PBXBuildFile; fileRef = 716510E02957AD14002F56D8 /* Response.swift */; };
		7182A71D295CF129006D674D /* ResultViewController.swift in Sources */ = {isa = PBXBuildFile; fileRef = 7182A71C295CF129006D674D /* ResultViewController.swift */; };
		7182A723295D369D006D674D /* RecentSearch.swift in Sources */ = {isa = PBXBuildFile; fileRef = 7182A722295D369D006D674D /* RecentSearch.swift */; };
		71A3023F295A69F300019E05 /* User.swift in Sources */ = {isa = PBXBuildFile; fileRef = 71A3023E295A69F300019E05 /* User.swift */; };
		71A30241295A6AE500019E05 /* UserService.swift in Sources */ = {isa = PBXBuildFile; fileRef = 71A30240295A6AE500019E05 /* UserService.swift */; };
		71A3024B295AA5EE00019E05 /* Image.swift in Sources */ = {isa = PBXBuildFile; fileRef = 71A3024A295AA5EE00019E05 /* Image.swift */; };
		71A3024F295BDFD500019E05 /* LocationAnnotation.swift in Sources */ = {isa = PBXBuildFile; fileRef = 71A3024E295BDFD500019E05 /* LocationAnnotation.swift */; };
		71A8AD132963D48000429A1F /* UIImageViewExtension.swift in Sources */ = {isa = PBXBuildFile; fileRef = 71A8AD122963D48000429A1F /* UIImageViewExtension.swift */; };
		71A8AD172963F75B00429A1F /* ActionButton.swift in Sources */ = {isa = PBXBuildFile; fileRef = 71A8AD162963F75B00429A1F /* ActionButton.swift */; };
		71A8AD192963FD1000429A1F /* SearchViewController.swift in Sources */ = {isa = PBXBuildFile; fileRef = 71A8AD182963FD1000429A1F /* SearchViewController.swift */; };
		71B1B32929639EA800FAEE98 /* SuperUIViewController.swift in Sources */ = {isa = PBXBuildFile; fileRef = 71B1B32829639EA800FAEE98 /* SuperUIViewController.swift */; };
		71D6951A29664149005B16EF /* ImageCell.swift in Sources */ = {isa = PBXBuildFile; fileRef = 71D6951929664149005B16EF /* ImageCell.swift */; };
		71D811DA295C0ECF008CC116 /* SearchCell.swift in Sources */ = {isa = PBXBuildFile; fileRef = 71D811D9295C0ECF008CC116 /* SearchCell.swift */; };
		71E6B169295EAA9D006B49AB /* DetailViewController.swift in Sources */ = {isa = PBXBuildFile; fileRef = 71E6B168295EAA9D006B49AB /* DetailViewController.swift */; };
/* End PBXBuildFile section */

/* Begin PBXFileReference section */
		7128B0912967DBE000CDBE12 /* UIButtonExtension.swift */ = {isa = PBXFileReference; lastKnownFileType = sourcecode.swift; path = UIButtonExtension.swift; sourceTree = "<group>"; };
		7142BEE72956C8050067B2DC /* TimeTraveler.app */ = {isa = PBXFileReference; explicitFileType = wrapper.application; includeInIndex = 0; path = TimeTraveler.app; sourceTree = BUILT_PRODUCTS_DIR; };
		7142BEEA2956C8050067B2DC /* AppDelegate.swift */ = {isa = PBXFileReference; lastKnownFileType = sourcecode.swift; path = AppDelegate.swift; sourceTree = "<group>"; };
		7142BEEC2956C8050067B2DC /* SceneDelegate.swift */ = {isa = PBXFileReference; lastKnownFileType = sourcecode.swift; path = SceneDelegate.swift; sourceTree = "<group>"; };
		7142BEF12956C8050067B2DC /* Base */ = {isa = PBXFileReference; lastKnownFileType = file.storyboard; name = Base; path = Base.lproj/Main.storyboard; sourceTree = "<group>"; };
		7142BEF32956C8070067B2DC /* Assets.xcassets */ = {isa = PBXFileReference; lastKnownFileType = folder.assetcatalog; path = Assets.xcassets; sourceTree = "<group>"; };
		7142BEF62956C8070067B2DC /* Base */ = {isa = PBXFileReference; lastKnownFileType = file.storyboard; name = Base; path = Base.lproj/LaunchScreen.storyboard; sourceTree = "<group>"; };
		7142BEF82956C8070067B2DC /* Info.plist */ = {isa = PBXFileReference; lastKnownFileType = text.plist.xml; path = Info.plist; sourceTree = "<group>"; };
		715656F0295908FC0083D612 /* HomeViewController.swift */ = {isa = PBXFileReference; lastKnownFileType = sourcecode.swift; path = HomeViewController.swift; sourceTree = "<group>"; };
		716510D229577DC3002F56D8 /* Place.swift */ = {isa = PBXFileReference; lastKnownFileType = sourcecode.swift; path = Place.swift; sourceTree = "<group>"; };
		716510DB29578130002F56D8 /* ResultCell.swift */ = {isa = PBXFileReference; lastKnownFileType = sourcecode.swift; path = ResultCell.swift; sourceTree = "<group>"; };
		716510E02957AD14002F56D8 /* Response.swift */ = {isa = PBXFileReference; lastKnownFileType = sourcecode.swift; path = Response.swift; sourceTree = "<group>"; };
		7182A71C295CF129006D674D /* ResultViewController.swift */ = {isa = PBXFileReference; lastKnownFileType = sourcecode.swift; path = ResultViewController.swift; sourceTree = "<group>"; };
		7182A722295D369D006D674D /* RecentSearch.swift */ = {isa = PBXFileReference; lastKnownFileType = sourcecode.swift; path = RecentSearch.swift; sourceTree = "<group>"; };
		71A3023E295A69F300019E05 /* User.swift */ = {isa = PBXFileReference; lastKnownFileType = sourcecode.swift; path = User.swift; sourceTree = "<group>"; };
		71A30240295A6AE500019E05 /* UserService.swift */ = {isa = PBXFileReference; lastKnownFileType = sourcecode.swift; path = UserService.swift; sourceTree = "<group>"; };
		71A3024A295AA5EE00019E05 /* Image.swift */ = {isa = PBXFileReference; lastKnownFileType = sourcecode.swift; path = Image.swift; sourceTree = "<group>"; };
		71A3024E295BDFD500019E05 /* LocationAnnotation.swift */ = {isa = PBXFileReference; lastKnownFileType = sourcecode.swift; path = LocationAnnotation.swift; sourceTree = "<group>"; };
		71A8AD122963D48000429A1F /* UIImageViewExtension.swift */ = {isa = PBXFileReference; lastKnownFileType = sourcecode.swift; path = UIImageViewExtension.swift; sourceTree = "<group>"; };
		71A8AD162963F75B00429A1F /* ActionButton.swift */ = {isa = PBXFileReference; lastKnownFileType = sourcecode.swift; path = ActionButton.swift; sourceTree = "<group>"; };
		71A8AD182963FD1000429A1F /* SearchViewController.swift */ = {isa = PBXFileReference; lastKnownFileType = sourcecode.swift; path = SearchViewController.swift; sourceTree = "<group>"; };
		71B1B32829639EA800FAEE98 /* SuperUIViewController.swift */ = {isa = PBXFileReference; lastKnownFileType = sourcecode.swift; path = SuperUIViewController.swift; sourceTree = "<group>"; };
		71D6951929664149005B16EF /* ImageCell.swift */ = {isa = PBXFileReference; lastKnownFileType = sourcecode.swift; path = ImageCell.swift; sourceTree = "<group>"; };
		71D811D9295C0ECF008CC116 /* SearchCell.swift */ = {isa = PBXFileReference; lastKnownFileType = sourcecode.swift; path = SearchCell.swift; sourceTree = "<group>"; };
		71E6B168295EAA9D006B49AB /* DetailViewController.swift */ = {isa = PBXFileReference; lastKnownFileType = sourcecode.swift; path = DetailViewController.swift; sourceTree = "<group>"; };
/* End PBXFileReference section */

/* Begin PBXFrameworksBuildPhase section */
		7142BEE42956C8050067B2DC /* Frameworks */ = {
			isa = PBXFrameworksBuildPhase;
			buildActionMask = 2147483647;
			files = (
			);
			runOnlyForDeploymentPostprocessing = 0;
		};
/* End PBXFrameworksBuildPhase section */

/* Begin PBXGroup section */
		7142BEDE2956C8050067B2DC = {
			isa = PBXGroup;
			children = (
				7142BEE92956C8050067B2DC /* TimeTraveler */,
				7142BEE82956C8050067B2DC /* Products */,
			);
			sourceTree = "<group>";
		};
		7142BEE82956C8050067B2DC /* Products */ = {
			isa = PBXGroup;
			children = (
				7142BEE72956C8050067B2DC /* TimeTraveler.app */,
			);
			name = Products;
			sourceTree = "<group>";
		};
		7142BEE92956C8050067B2DC /* TimeTraveler */ = {
			isa = PBXGroup;
			children = (
				7142BF012956C8140067B2DC /* Model */,
				7142BF002956C8110067B2DC /* View */,
				7142BEFF2956C80F0067B2DC /* Controller */,
				7142BEFE2956C80D0067B2DC /* Resources */,
				7142BEF32956C8070067B2DC /* Assets.xcassets */,
				7142BEF82956C8070067B2DC /* Info.plist */,
			);
			path = TimeTraveler;
			sourceTree = "<group>";
		};
		7142BEFE2956C80D0067B2DC /* Resources */ = {
			isa = PBXGroup;
			children = (
				7142BEEA2956C8050067B2DC /* AppDelegate.swift */,
				7142BEEC2956C8050067B2DC /* SceneDelegate.swift */,
			);
			path = Resources;
			sourceTree = "<group>";
		};
		7142BEFF2956C80F0067B2DC /* Controller */ = {
			isa = PBXGroup;
			children = (
				71B1B32A29639EFC00FAEE98 /* Super */,
				715656F0295908FC0083D612 /* HomeViewController.swift */,
				71A8AD182963FD1000429A1F /* SearchViewController.swift */,
				7182A71C295CF129006D674D /* ResultViewController.swift */,
				71E6B168295EAA9D006B49AB /* DetailViewController.swift */,
			);
			path = Controller;
			sourceTree = "<group>";
		};
		7142BF002956C8110067B2DC /* View */ = {
			isa = PBXGroup;
			children = (
				7142BEF02956C8050067B2DC /* Main.storyboard */,
				7142BEF52956C8070067B2DC /* LaunchScreen.storyboard */,
				71D811D9295C0ECF008CC116 /* SearchCell.swift */,
				716510DB29578130002F56D8 /* ResultCell.swift */,
				71D6951929664149005B16EF /* ImageCell.swift */,
			);
			path = View;
			sourceTree = "<group>";
		};
		7142BF012956C8140067B2DC /* Model */ = {
			isa = PBXGroup;
			children = (
				716510D429577DDE002F56D8 /* Service */,
				7182A724295D3835006D674D /* User */,
				7182A725295D387C006D674D /* Place */,
				71A3024E295BDFD500019E05 /* LocationAnnotation.swift */,
				716510E02957AD14002F56D8 /* Response.swift */,
			);
			path = Model;
			sourceTree = "<group>";
		};
		716510D429577DDE002F56D8 /* Service */ = {
			isa = PBXGroup;
			children = (
				71A30240295A6AE500019E05 /* UserService.swift */,
			);
			path = Service;
			sourceTree = "<group>";
		};
		7182A724295D3835006D674D /* User */ = {
			isa = PBXGroup;
			children = (
				71A3023E295A69F300019E05 /* User.swift */,
				7182A722295D369D006D674D /* RecentSearch.swift */,
			);
			path = User;
			sourceTree = "<group>";
		};
		7182A725295D387C006D674D /* Place */ = {
			isa = PBXGroup;
			children = (
				716510D229577DC3002F56D8 /* Place.swift */,
				71A3024A295AA5EE00019E05 /* Image.swift */,
			);
			path = Place;
			sourceTree = "<group>";
		};
		71B1B32A29639EFC00FAEE98 /* Super */ = {
			isa = PBXGroup;
			children = (
				71B1B32829639EA800FAEE98 /* SuperUIViewController.swift */,
				71A8AD122963D48000429A1F /* UIImageViewExtension.swift */,
				7128B0912967DBE000CDBE12 /* UIButtonExtension.swift */,
				71A8AD162963F75B00429A1F /* ActionButton.swift */,
			);
			path = Super;
			sourceTree = "<group>";
		};
/* End PBXGroup section */

/* Begin PBXNativeTarget section */
		7142BEE62956C8050067B2DC /* TimeTraveler */ = {
			isa = PBXNativeTarget;
			buildConfigurationList = 7142BEFB2956C8070067B2DC /* Build configuration list for PBXNativeTarget "TimeTraveler" */;
			buildPhases = (
				7142BEE32956C8050067B2DC /* Sources */,
				7142BEE42956C8050067B2DC /* Frameworks */,
				7142BEE52956C8050067B2DC /* Resources */,
			);
			buildRules = (
			);
			dependencies = (
			);
			name = TimeTraveler;
			productName = TimeTraveler;
			productReference = 7142BEE72956C8050067B2DC /* TimeTraveler.app */;
			productType = "com.apple.product-type.application";
		};
/* End PBXNativeTarget section */

/* Begin PBXProject section */
		7142BEDF2956C8050067B2DC /* Project object */ = {
			isa = PBXProject;
			attributes = {
				BuildIndependentTargetsInParallel = 1;
				LastSwiftUpdateCheck = 1420;
				LastUpgradeCheck = 1420;
				TargetAttributes = {
					7142BEE62956C8050067B2DC = {
						CreatedOnToolsVersion = 14.2;
					};
				};
			};
			buildConfigurationList = 7142BEE22956C8050067B2DC /* Build configuration list for PBXProject "TimeTraveler" */;
			compatibilityVersion = "Xcode 14.0";
			developmentRegion = en;
			hasScannedForEncodings = 0;
			knownRegions = (
				en,
				Base,
			);
			mainGroup = 7142BEDE2956C8050067B2DC;
			productRefGroup = 7142BEE82956C8050067B2DC /* Products */;
			projectDirPath = "";
			projectRoot = "";
			targets = (
				7142BEE62956C8050067B2DC /* TimeTraveler */,
			);
		};
/* End PBXProject section */

/* Begin PBXResourcesBuildPhase section */
		7142BEE52956C8050067B2DC /* Resources */ = {
			isa = PBXResourcesBuildPhase;
			buildActionMask = 2147483647;
			files = (
				7142BEF72956C8070067B2DC /* LaunchScreen.storyboard in Resources */,
				7142BEF42956C8070067B2DC /* Assets.xcassets in Resources */,
				7142BEF22956C8050067B2DC /* Main.storyboard in Resources */,
			);
			runOnlyForDeploymentPostprocessing = 0;
		};
/* End PBXResourcesBuildPhase section */

/* Begin PBXSourcesBuildPhase section */
		7142BEE32956C8050067B2DC /* Sources */ = {
			isa = PBXSourcesBuildPhase;
			buildActionMask = 2147483647;
			files = (
				716510E12957AD14002F56D8 /* Response.swift in Sources */,
				7128B0922967DBE000CDBE12 /* UIButtonExtension.swift in Sources */,
				71D811DA295C0ECF008CC116 /* SearchCell.swift in Sources */,
				71A8AD192963FD1000429A1F /* SearchViewController.swift in Sources */,
				7182A71D295CF129006D674D /* ResultViewController.swift in Sources */,
				715656F1295908FC0083D612 /* HomeViewController.swift in Sources */,
				71D6951A29664149005B16EF /* ImageCell.swift in Sources */,
				71A8AD172963F75B00429A1F /* ActionButton.swift in Sources */,
				716510DC29578130002F56D8 /* ResultCell.swift in Sources */,
				71A3024F295BDFD500019E05 /* LocationAnnotation.swift in Sources */,
				71B1B32929639EA800FAEE98 /* SuperUIViewController.swift in Sources */,
				71A8AD132963D48000429A1F /* UIImageViewExtension.swift in Sources */,
				71A30241295A6AE500019E05 /* UserService.swift in Sources */,
				71E6B169295EAA9D006B49AB /* DetailViewController.swift in Sources */,
				7182A723295D369D006D674D /* RecentSearch.swift in Sources */,
				7142BEEB2956C8050067B2DC /* AppDelegate.swift in Sources */,
				716510D329577DC3002F56D8 /* Place.swift in Sources */,
				71A3023F295A69F300019E05 /* User.swift in Sources */,
				71A3024B295AA5EE00019E05 /* Image.swift in Sources */,
				7142BEED2956C8050067B2DC /* SceneDelegate.swift in Sources */,
			);
			runOnlyForDeploymentPostprocessing = 0;
		};
/* End PBXSourcesBuildPhase section */

/* Begin PBXVariantGroup section */
		7142BEF02956C8050067B2DC /* Main.storyboard */ = {
			isa = PBXVariantGroup;
			children = (
				7142BEF12956C8050067B2DC /* Base */,
			);
			name = Main.storyboard;
			sourceTree = "<group>";
		};
		7142BEF52956C8070067B2DC /* LaunchScreen.storyboard */ = {
			isa = PBXVariantGroup;
			children = (
				7142BEF62956C8070067B2DC /* Base */,
			);
			name = LaunchScreen.storyboard;
			sourceTree = "<group>";
		};
/* End PBXVariantGroup section */

/* Begin XCBuildConfiguration section */
		7142BEF92956C8070067B2DC /* Debug */ = {
			isa = XCBuildConfiguration;
			buildSettings = {
				ALWAYS_SEARCH_USER_PATHS = NO;
				CLANG_ANALYZER_NONNULL = YES;
				CLANG_ANALYZER_NUMBER_OBJECT_CONVERSION = YES_AGGRESSIVE;
				CLANG_CXX_LANGUAGE_STANDARD = "gnu++20";
				CLANG_ENABLE_MODULES = YES;
				CLANG_ENABLE_OBJC_ARC = YES;
				CLANG_ENABLE_OBJC_WEAK = YES;
				CLANG_WARN_BLOCK_CAPTURE_AUTORELEASING = YES;
				CLANG_WARN_BOOL_CONVERSION = YES;
				CLANG_WARN_COMMA = YES;
				CLANG_WARN_CONSTANT_CONVERSION = YES;
				CLANG_WARN_DEPRECATED_OBJC_IMPLEMENTATIONS = YES;
				CLANG_WARN_DIRECT_OBJC_ISA_USAGE = YES_ERROR;
				CLANG_WARN_DOCUMENTATION_COMMENTS = YES;
				CLANG_WARN_EMPTY_BODY = YES;
				CLANG_WARN_ENUM_CONVERSION = YES;
				CLANG_WARN_INFINITE_RECURSION = YES;
				CLANG_WARN_INT_CONVERSION = YES;
				CLANG_WARN_NON_LITERAL_NULL_CONVERSION = YES;
				CLANG_WARN_OBJC_IMPLICIT_RETAIN_SELF = YES;
				CLANG_WARN_OBJC_LITERAL_CONVERSION = YES;
				CLANG_WARN_OBJC_ROOT_CLASS = YES_ERROR;
				CLANG_WARN_QUOTED_INCLUDE_IN_FRAMEWORK_HEADER = YES;
				CLANG_WARN_RANGE_LOOP_ANALYSIS = YES;
				CLANG_WARN_STRICT_PROTOTYPES = YES;
				CLANG_WARN_SUSPICIOUS_MOVE = YES;
				CLANG_WARN_UNGUARDED_AVAILABILITY = YES_AGGRESSIVE;
				CLANG_WARN_UNREACHABLE_CODE = YES;
				CLANG_WARN__DUPLICATE_METHOD_MATCH = YES;
				COPY_PHASE_STRIP = NO;
				DEBUG_INFORMATION_FORMAT = dwarf;
				ENABLE_STRICT_OBJC_MSGSEND = YES;
				ENABLE_TESTABILITY = YES;
				GCC_C_LANGUAGE_STANDARD = gnu11;
				GCC_DYNAMIC_NO_PIC = NO;
				GCC_NO_COMMON_BLOCKS = YES;
				GCC_OPTIMIZATION_LEVEL = 0;
				GCC_PREPROCESSOR_DEFINITIONS = (
					"DEBUG=1",
					"$(inherited)",
				);
				GCC_WARN_64_TO_32_BIT_CONVERSION = YES;
				GCC_WARN_ABOUT_RETURN_TYPE = YES_ERROR;
				GCC_WARN_UNDECLARED_SELECTOR = YES;
				GCC_WARN_UNINITIALIZED_AUTOS = YES_AGGRESSIVE;
				GCC_WARN_UNUSED_FUNCTION = YES;
				GCC_WARN_UNUSED_VARIABLE = YES;
				IPHONEOS_DEPLOYMENT_TARGET = 16.2;
				MTL_ENABLE_DEBUG_INFO = INCLUDE_SOURCE;
				MTL_FAST_MATH = YES;
				ONLY_ACTIVE_ARCH = YES;
				SDKROOT = iphoneos;
				SWIFT_ACTIVE_COMPILATION_CONDITIONS = DEBUG;
				SWIFT_OPTIMIZATION_LEVEL = "-Onone";
			};
			name = Debug;
		};
		7142BEFA2956C8070067B2DC /* Release */ = {
			isa = XCBuildConfiguration;
			buildSettings = {
				ALWAYS_SEARCH_USER_PATHS = NO;
				CLANG_ANALYZER_NONNULL = YES;
				CLANG_ANALYZER_NUMBER_OBJECT_CONVERSION = YES_AGGRESSIVE;
				CLANG_CXX_LANGUAGE_STANDARD = "gnu++20";
				CLANG_ENABLE_MODULES = YES;
				CLANG_ENABLE_OBJC_ARC = YES;
				CLANG_ENABLE_OBJC_WEAK = YES;
				CLANG_WARN_BLOCK_CAPTURE_AUTORELEASING = YES;
				CLANG_WARN_BOOL_CONVERSION = YES;
				CLANG_WARN_COMMA = YES;
				CLANG_WARN_CONSTANT_CONVERSION = YES;
				CLANG_WARN_DEPRECATED_OBJC_IMPLEMENTATIONS = YES;
				CLANG_WARN_DIRECT_OBJC_ISA_USAGE = YES_ERROR;
				CLANG_WARN_DOCUMENTATION_COMMENTS = YES;
				CLANG_WARN_EMPTY_BODY = YES;
				CLANG_WARN_ENUM_CONVERSION = YES;
				CLANG_WARN_INFINITE_RECURSION = YES;
				CLANG_WARN_INT_CONVERSION = YES;
				CLANG_WARN_NON_LITERAL_NULL_CONVERSION = YES;
				CLANG_WARN_OBJC_IMPLICIT_RETAIN_SELF = YES;
				CLANG_WARN_OBJC_LITERAL_CONVERSION = YES;
				CLANG_WARN_OBJC_ROOT_CLASS = YES_ERROR;
				CLANG_WARN_QUOTED_INCLUDE_IN_FRAMEWORK_HEADER = YES;
				CLANG_WARN_RANGE_LOOP_ANALYSIS = YES;
				CLANG_WARN_STRICT_PROTOTYPES = YES;
				CLANG_WARN_SUSPICIOUS_MOVE = YES;
				CLANG_WARN_UNGUARDED_AVAILABILITY = YES_AGGRESSIVE;
				CLANG_WARN_UNREACHABLE_CODE = YES;
				CLANG_WARN__DUPLICATE_METHOD_MATCH = YES;
				COPY_PHASE_STRIP = NO;
				DEBUG_INFORMATION_FORMAT = "dwarf-with-dsym";
				ENABLE_NS_ASSERTIONS = NO;
				ENABLE_STRICT_OBJC_MSGSEND = YES;
				GCC_C_LANGUAGE_STANDARD = gnu11;
				GCC_NO_COMMON_BLOCKS = YES;
				GCC_WARN_64_TO_32_BIT_CONVERSION = YES;
				GCC_WARN_ABOUT_RETURN_TYPE = YES_ERROR;
				GCC_WARN_UNDECLARED_SELECTOR = YES;
				GCC_WARN_UNINITIALIZED_AUTOS = YES_AGGRESSIVE;
				GCC_WARN_UNUSED_FUNCTION = YES;
				GCC_WARN_UNUSED_VARIABLE = YES;
				IPHONEOS_DEPLOYMENT_TARGET = 16.2;
				MTL_ENABLE_DEBUG_INFO = NO;
				MTL_FAST_MATH = YES;
				SDKROOT = iphoneos;
				SWIFT_COMPILATION_MODE = wholemodule;
				SWIFT_OPTIMIZATION_LEVEL = "-O";
				VALIDATE_PRODUCT = YES;
			};
			name = Release;
		};
		7142BEFC2956C8070067B2DC /* Debug */ = {
			isa = XCBuildConfiguration;
			buildSettings = {
				ASSETCATALOG_COMPILER_APPICON_NAME = AppIcon;
				ASSETCATALOG_COMPILER_GLOBAL_ACCENT_COLOR_NAME = AccentColor;
				CODE_SIGN_STYLE = Automatic;
				CURRENT_PROJECT_VERSION = 1;
				GENERATE_INFOPLIST_FILE = YES;
				INFOPLIST_FILE = TimeTraveler/Info.plist;
				INFOPLIST_KEY_CFBundleDisplayName = Traveler;
				INFOPLIST_KEY_LSApplicationCategoryType = "public.app-category.travel";
				INFOPLIST_KEY_NSLocationWhenInUseUsageDescription = "The app makes recommendation based on your core location!";
				INFOPLIST_KEY_UIApplicationSupportsIndirectInputEvents = YES;
				INFOPLIST_KEY_UILaunchStoryboardName = LaunchScreen;
				INFOPLIST_KEY_UIMainStoryboardFile = "";
				INFOPLIST_KEY_UIRequiresFullScreen = NO;
				INFOPLIST_KEY_UIStatusBarStyle = UIStatusBarStyleLightContent;
				INFOPLIST_KEY_UISupportedInterfaceOrientations = "UIInterfaceOrientationLandscapeLeft UIInterfaceOrientationLandscapeRight UIInterfaceOrientationPortrait";
				INFOPLIST_KEY_UISupportedInterfaceOrientations_iPad = UIInterfaceOrientationPortrait;
				LD_RUNPATH_SEARCH_PATHS = (
					"$(inherited)",
					"@executable_path/Frameworks",
				);
				MARKETING_VERSION = 1.0;
				PRODUCT_BUNDLE_IDENTIFIER = com.example.TimeTraveler;
				PRODUCT_NAME = "$(TARGET_NAME)";
				SWIFT_EMIT_LOC_STRINGS = YES;
				SWIFT_VERSION = 5.0;
				TARGETED_DEVICE_FAMILY = "1,2";
			};
			name = Debug;
		};
		7142BEFD2956C8070067B2DC /* Release */ = {
			isa = XCBuildConfiguration;
			buildSettings = {
				ASSETCATALOG_COMPILER_APPICON_NAME = AppIcon;
				ASSETCATALOG_COMPILER_GLOBAL_ACCENT_COLOR_NAME = AccentColor;
				CODE_SIGN_STYLE = Automatic;
				CURRENT_PROJECT_VERSION = 1;
				GENERATE_INFOPLIST_FILE = YES;
				INFOPLIST_FILE = TimeTraveler/Info.plist;
				INFOPLIST_KEY_CFBundleDisplayName = Traveler;
				INFOPLIST_KEY_LSApplicationCategoryType = "public.app-category.travel";
				INFOPLIST_KEY_NSLocationWhenInUseUsageDescription = "The app makes recommendation based on your core location!";
				INFOPLIST_KEY_UIApplicationSupportsIndirectInputEvents = YES;
				INFOPLIST_KEY_UILaunchStoryboardName = LaunchScreen;
				INFOPLIST_KEY_UIMainStoryboardFile = "";
				INFOPLIST_KEY_UIRequiresFullScreen = NO;
				INFOPLIST_KEY_UIStatusBarStyle = UIStatusBarStyleLightContent;
				INFOPLIST_KEY_UISupportedInterfaceOrientations = "UIInterfaceOrientationLandscapeLeft UIInterfaceOrientationLandscapeRight UIInterfaceOrientationPortrait";
				INFOPLIST_KEY_UISupportedInterfaceOrientations_iPad = UIInterfaceOrientationPortrait;
				LD_RUNPATH_SEARCH_PATHS = (
					"$(inherited)",
					"@executable_path/Frameworks",
				);
				MARKETING_VERSION = 1.0;
				PRODUCT_BUNDLE_IDENTIFIER = com.example.TimeTraveler;
				PRODUCT_NAME = "$(TARGET_NAME)";
				SWIFT_EMIT_LOC_STRINGS = YES;
				SWIFT_VERSION = 5.0;
				TARGETED_DEVICE_FAMILY = "1,2";
			};
			name = Release;
		};
/* End XCBuildConfiguration section */

/* Begin XCConfigurationList section */
		7142BEE22956C8050067B2DC /* Build configuration list for PBXProject "TimeTraveler" */ = {
			isa = XCConfigurationList;
			buildConfigurations = (
				7142BEF92956C8070067B2DC /* Debug */,
				7142BEFA2956C8070067B2DC /* Release */,
			);
			defaultConfigurationIsVisible = 0;
			defaultConfigurationName = Release;
		};
		7142BEFB2956C8070067B2DC /* Build configuration list for PBXNativeTarget "TimeTraveler" */ = {
			isa = XCConfigurationList;
			buildConfigurations = (
				7142BEFC2956C8070067B2DC /* Debug */,
				7142BEFD2956C8070067B2DC /* Release */,
			);
			defaultConfigurationIsVisible = 0;
			defaultConfigurationName = Release;
		};
/* End XCConfigurationList section */
	};
	rootObject = 7142BEDF2956C8050067B2DC /* Project object */;
}
